// !$*UTF8*$!
{
	archiveVersion = 1;
	classes = {
	};
	objectVersion = 56;
	objects = {

/* Begin PBXBuildFile section */
		DB4B77892B9D6293005FB6C5 /* MapTestView.swift in Sources */ = {isa = PBXBuildFile; fileRef = DB4B77882B9D6293005FB6C5 /* MapTestView.swift */; };
		DB4B778B2B9DE90C005FB6C5 /* SearchableTestView.swift in Sources */ = {isa = PBXBuildFile; fileRef = DB4B778A2B9DE90C005FB6C5 /* SearchableTestView.swift */; };
		DB6416872C1733CC00789767 /* SignInAppleHelper.swift in Sources */ = {isa = PBXBuildFile; fileRef = DB6416862C1733CC00789767 /* SignInAppleHelper.swift */; };
		DBD5CF782B88645C007F6DD6 /* Remote_Community_MapsApp.swift in Sources */ = {isa = PBXBuildFile; fileRef = DBD5CF772B88645C007F6DD6 /* Remote_Community_MapsApp.swift */; };
		DBD5CF7C2B88645E007F6DD6 /* Assets.xcassets in Resources */ = {isa = PBXBuildFile; fileRef = DBD5CF7B2B88645E007F6DD6 /* Assets.xcassets */; };
		DBD5CF7F2B88645E007F6DD6 /* Preview Assets.xcassets in Resources */ = {isa = PBXBuildFile; fileRef = DBD5CF7E2B88645E007F6DD6 /* Preview Assets.xcassets */; };
		DBD5CF872B88648F007F6DD6 /* FirebaseAnalytics in Frameworks */ = {isa = PBXBuildFile; productRef = DBD5CF862B88648F007F6DD6 /* FirebaseAnalytics */; };
		DBD5CF8B2B88648F007F6DD6 /* FirebaseAnalyticsSwift in Frameworks */ = {isa = PBXBuildFile; productRef = DBD5CF8A2B88648F007F6DD6 /* FirebaseAnalyticsSwift */; };
		DBD5CF8F2B88648F007F6DD6 /* FirebaseAppCheck in Frameworks */ = {isa = PBXBuildFile; productRef = DBD5CF8E2B88648F007F6DD6 /* FirebaseAppCheck */; };
		DBD5CF922B8864BB007F6DD6 /* FirebaseAuth in Frameworks */ = {isa = PBXBuildFile; productRef = DBD5CF912B8864BB007F6DD6 /* FirebaseAuth */; };
		DBD5CF942B8864BB007F6DD6 /* FirebaseFirestore in Frameworks */ = {isa = PBXBuildFile; productRef = DBD5CF932B8864BB007F6DD6 /* FirebaseFirestore */; };
		DBD5CF962B8864CF007F6DD6 /* FirebaseCrashlytics in Frameworks */ = {isa = PBXBuildFile; productRef = DBD5CF952B8864CF007F6DD6 /* FirebaseCrashlytics */; };
		DBD5CFB42B8865BB007F6DD6 /* RemoteCommunitiesListView.swift in Sources */ = {isa = PBXBuildFile; fileRef = DBD5CF992B8865BB007F6DD6 /* RemoteCommunitiesListView.swift */; };
		DBD5CFB52B8865BB007F6DD6 /* RemoteCommunityView.swift in Sources */ = {isa = PBXBuildFile; fileRef = DBD5CF9A2B8865BB007F6DD6 /* RemoteCommunityView.swift */; };
		DBD5CFB62B8865BB007F6DD6 /* LotDetailAndMapView.swift in Sources */ = {isa = PBXBuildFile; fileRef = DBD5CF9B2B8865BB007F6DD6 /* LotDetailAndMapView.swift */; };
		DBD5CFB72B8865BB007F6DD6 /* RemoteCommunityMapAllLocationsView.swift in Sources */ = {isa = PBXBuildFile; fileRef = DBD5CF9C2B8865BB007F6DD6 /* RemoteCommunityMapAllLocationsView.swift */; };
		DBD5CFB82B8865BB007F6DD6 /* LotInformationEditView.swift in Sources */ = {isa = PBXBuildFile; fileRef = DBD5CF9E2B8865BB007F6DD6 /* LotInformationEditView.swift */; };
		DBD5CFB92B8865BB007F6DD6 /* LotInformationEditLotColours.swift in Sources */ = {isa = PBXBuildFile; fileRef = DBD5CF9F2B8865BB007F6DD6 /* LotInformationEditLotColours.swift */; };
		DBD5CFBA2B8865BB007F6DD6 /* LocationListView.swift in Sources */ = {isa = PBXBuildFile; fileRef = DBD5CFA02B8865BB007F6DD6 /* LocationListView.swift */; };
		DBD5CFBB2B8865BB007F6DD6 /* AddPointOfInterestView.swift in Sources */ = {isa = PBXBuildFile; fileRef = DBD5CFA12B8865BB007F6DD6 /* AddPointOfInterestView.swift */; };
		DBD5CFBC2B8865BB007F6DD6 /* EditPointOfInterestLocationView.swift in Sources */ = {isa = PBXBuildFile; fileRef = DBD5CFA22B8865BB007F6DD6 /* EditPointOfInterestLocationView.swift */; };
		DBD5CFBD2B8865BB007F6DD6 /* SheetHouseDetailsView.swift in Sources */ = {isa = PBXBuildFile; fileRef = DBD5CFA32B8865BB007F6DD6 /* SheetHouseDetailsView.swift */; };
		DBD5CFBE2B8865BB007F6DD6 /* ImageCardView.swift in Sources */ = {isa = PBXBuildFile; fileRef = DBD5CFA42B8865BB007F6DD6 /* ImageCardView.swift */; };
		DBD5CFBF2B8865BB007F6DD6 /* LotInformationDetailView.swift in Sources */ = {isa = PBXBuildFile; fileRef = DBD5CFA52B8865BB007F6DD6 /* LotInformationDetailView.swift */; };
		DBD5CFC02B8865BB007F6DD6 /* RemoteCommunitySearchView.swift in Sources */ = {isa = PBXBuildFile; fileRef = DBD5CFA62B8865BB007F6DD6 /* RemoteCommunitySearchView.swift */; };
		DBD5CFC12B8865BB007F6DD6 /* StartView.swift in Sources */ = {isa = PBXBuildFile; fileRef = DBD5CFA82B8865BB007F6DD6 /* StartView.swift */; };
		DBD5CFC22B8865BB007F6DD6 /* SettingsView.swift in Sources */ = {isa = PBXBuildFile; fileRef = DBD5CFA92B8865BB007F6DD6 /* SettingsView.swift */; };
		DBD5CFC32B8865BB007F6DD6 /* LoginView.swift in Sources */ = {isa = PBXBuildFile; fileRef = DBD5CFAA2B8865BB007F6DD6 /* LoginView.swift */; };
		DBD5CFC42B8865BB007F6DD6 /* AuthenticationManager.swift in Sources */ = {isa = PBXBuildFile; fileRef = DBD5CFAB2B8865BB007F6DD6 /* AuthenticationManager.swift */; };
		DBD5CFC52B8865BB007F6DD6 /* AuthenticationView.swift in Sources */ = {isa = PBXBuildFile; fileRef = DBD5CFAC2B8865BB007F6DD6 /* AuthenticationView.swift */; };
		DBD5CFC62B8865BB007F6DD6 /* HomeView.swift in Sources */ = {isa = PBXBuildFile; fileRef = DBD5CFAD2B8865BB007F6DD6 /* HomeView.swift */; };
		DBD5CFC72B8865BB007F6DD6 /* RootView.swift in Sources */ = {isa = PBXBuildFile; fileRef = DBD5CFAE2B8865BB007F6DD6 /* RootView.swift */; };
		DBD5CFC82B8865BB007F6DD6 /* WelcomeView.swift in Sources */ = {isa = PBXBuildFile; fileRef = DBD5CFAF2B8865BB007F6DD6 /* WelcomeView.swift */; };
		DBD5CFC92B8865BB007F6DD6 /* OldAuthenticationView.swift in Sources */ = {isa = PBXBuildFile; fileRef = DBD5CFB02B8865BB007F6DD6 /* OldAuthenticationView.swift */; };
		DBD5CFCA2B8865BB007F6DD6 /* SignInEmailView.swift in Sources */ = {isa = PBXBuildFile; fileRef = DBD5CFB12B8865BB007F6DD6 /* SignInEmailView.swift */; };
		DBD5CFCB2B8865BB007F6DD6 /* SignUpViewEmailView.swift in Sources */ = {isa = PBXBuildFile; fileRef = DBD5CFB22B8865BB007F6DD6 /* SignUpViewEmailView.swift */; };
		DBD5CFCC2B8865BB007F6DD6 /* ContentView.swift in Sources */ = {isa = PBXBuildFile; fileRef = DBD5CFB32B8865BB007F6DD6 /* ContentView.swift */; };
		DBD5CFD12B8865C3007F6DD6 /* HealthCentre.swift in Sources */ = {isa = PBXBuildFile; fileRef = DBD5CFCE2B8865C3007F6DD6 /* HealthCentre.swift */; };
		DBD5CFD22B8865C3007F6DD6 /* LotInformation.swift in Sources */ = {isa = PBXBuildFile; fileRef = DBD5CFCF2B8865C3007F6DD6 /* LotInformation.swift */; };
		DBD5CFD32B8865C3007F6DD6 /* RemoteCommunity.swift in Sources */ = {isa = PBXBuildFile; fileRef = DBD5CFD02B8865C3007F6DD6 /* RemoteCommunity.swift */; };
		DBD5CFED2B8865C9007F6DD6 /* CloudLotInformation.swift in Sources */ = {isa = PBXBuildFile; fileRef = DBD5CFD72B8865C9007F6DD6 /* CloudLotInformation.swift */; };
		DBD5CFEE2B8865C9007F6DD6 /* CloudModelRemoteCommunity.swift in Sources */ = {isa = PBXBuildFile; fileRef = DBD5CFD82B8865C9007F6DD6 /* CloudModelRemoteCommunity.swift */; };
		DBD5CFEF2B8865C9007F6DD6 /* CloudDataStoreRemoteCommunity.swift in Sources */ = {isa = PBXBuildFile; fileRef = DBD5CFDA2B8865C9007F6DD6 /* CloudDataStoreRemoteCommunity.swift */; };
		DBD5CFF02B8865C9007F6DD6 /* CloudAllRemoteCommunitiesView.swift in Sources */ = {isa = PBXBuildFile; fileRef = DBD5CFDC2B8865C9007F6DD6 /* CloudAllRemoteCommunitiesView.swift */; };
		DBD5CFF12B8865C9007F6DD6 /* CloudRemoteCommunityDetailView.swift in Sources */ = {isa = PBXBuildFile; fileRef = DBD5CFDD2B8865C9007F6DD6 /* CloudRemoteCommunityDetailView.swift */; };
		DBD5CFF22B8865C9007F6DD6 /* CloudModelFruit.swift in Sources */ = {isa = PBXBuildFile; fileRef = DBD5CFE02B8865C9007F6DD6 /* CloudModelFruit.swift */; };
		DBD5CFF32B8865C9007F6DD6 /* CloudDataStoreFruit.swift in Sources */ = {isa = PBXBuildFile; fileRef = DBD5CFE12B8865C9007F6DD6 /* CloudDataStoreFruit.swift */; };
		DBD5CFF42B8865C9007F6DD6 /* CloudFruitDetailView.swift in Sources */ = {isa = PBXBuildFile; fileRef = DBD5CFE32B8865C9007F6DD6 /* CloudFruitDetailView.swift */; };
		DBD5CFF52B8865C9007F6DD6 /* CloudAllFruitsView.swift in Sources */ = {isa = PBXBuildFile; fileRef = DBD5CFE42B8865C9007F6DD6 /* CloudAllFruitsView.swift */; };
		DBD5CFF62B8865C9007F6DD6 /* FirestoreManager.swift in Sources */ = {isa = PBXBuildFile; fileRef = DBD5CFE72B8865C9007F6DD6 /* FirestoreManager.swift */; };
		DBD5CFF72B8865C9007F6DD6 /* FirebaseWriteTestView.swift in Sources */ = {isa = PBXBuildFile; fileRef = DBD5CFE92B8865C9007F6DD6 /* FirebaseWriteTestView.swift */; };
		DBD5CFF82B8865C9007F6DD6 /* SODA.swift in Sources */ = {isa = PBXBuildFile; fileRef = DBD5CFEB2B8865C9007F6DD6 /* SODA.swift */; };
		DBD5CFF92B8865C9007F6DD6 /* Agent.swift in Sources */ = {isa = PBXBuildFile; fileRef = DBD5CFEC2B8865C9007F6DD6 /* Agent.swift */; };
		DBD5D0022B8865CF007F6DD6 /* Binding-OnChange.swift in Sources */ = {isa = PBXBuildFile; fileRef = DBD5CFFB2B8865CF007F6DD6 /* Binding-OnChange.swift */; };
		DBD5D0032B8865CF007F6DD6 /* UtilityHelpers.swift in Sources */ = {isa = PBXBuildFile; fileRef = DBD5CFFC2B8865CF007F6DD6 /* UtilityHelpers.swift */; };
		DBD5D0042B8865CF007F6DD6 /* DataController.swift in Sources */ = {isa = PBXBuildFile; fileRef = DBD5CFFD2B8865CF007F6DD6 /* DataController.swift */; };
		DBD5D0052B8865CF007F6DD6 /* Extensions.swift in Sources */ = {isa = PBXBuildFile; fileRef = DBD5CFFE2B8865CF007F6DD6 /* Extensions.swift */; };
		DBD5D0062B8865CF007F6DD6 /* LocationDataManager.swift in Sources */ = {isa = PBXBuildFile; fileRef = DBD5CFFF2B8865CF007F6DD6 /* LocationDataManager.swift */; };
		DBD5D0072B8865CF007F6DD6 /* Router.swift in Sources */ = {isa = PBXBuildFile; fileRef = DBD5D0002B8865CF007F6DD6 /* Router.swift */; };
		DBD5D0082B8865CF007F6DD6 /* Bundle-Decodable.swift in Sources */ = {isa = PBXBuildFile; fileRef = DBD5D0012B8865CF007F6DD6 /* Bundle-Decodable.swift */; };
		DBD5D0102B8865D8007F6DD6 /* Remote-Community-Map-Data.json in Resources */ = {isa = PBXBuildFile; fileRef = DBD5D00A2B8865D8007F6DD6 /* Remote-Community-Map-Data.json */; };
		DBD5D0112B8865D8007F6DD6 /* Lot Data - Docker River - NT.geojson in Resources */ = {isa = PBXBuildFile; fileRef = DBD5D00B2B8865D8007F6DD6 /* Lot Data - Docker River - NT.geojson */; };
		DBD5D0122B8865D8007F6DD6 /* Lot Data - Hermannsburg - NT.geojson in Resources */ = {isa = PBXBuildFile; fileRef = DBD5D00C2B8865D8007F6DD6 /* Lot Data - Hermannsburg - NT.geojson */; };
		DBD5D0132B8865D8007F6DD6 /* Lot Data - Amoonguna - NT.geojson in Resources */ = {isa = PBXBuildFile; fileRef = DBD5D00D2B8865D8007F6DD6 /* Lot Data - Amoonguna - NT.geojson */; };
		DBD5D0142B8865D8007F6DD6 /* Lot Data - Mutitjulu - NT.geojson in Resources */ = {isa = PBXBuildFile; fileRef = DBD5D00E2B8865D8007F6DD6 /* Lot Data - Mutitjulu - NT.geojson */; };
		DBD5D0152B8865D8007F6DD6 /* Lot Data - Areyonga - NT.geojson in Resources */ = {isa = PBXBuildFile; fileRef = DBD5D00F2B8865D8007F6DD6 /* Lot Data - Areyonga - NT.geojson */; };
		DBD5D0172B8865E0007F6DD6 /* SingleItemPreview.swift in Sources */ = {isa = PBXBuildFile; fileRef = DBD5D0162B8865E0007F6DD6 /* SingleItemPreview.swift */; };
		DBD5D0192B8865E7007F6DD6 /* RemoteCommunitySamples.swift in Sources */ = {isa = PBXBuildFile; fileRef = DBD5D0182B8865E7007F6DD6 /* RemoteCommunitySamples.swift */; };
		DBD5D01D2B886793007F6DD6 /* Lot Data - Santa Teresa - NT.geojson in Resources */ = {isa = PBXBuildFile; fileRef = DBD5D01C2B886793007F6DD6 /* Lot Data - Santa Teresa - NT.geojson */; };
		DBD5D01F2B8868D3007F6DD6 /* GoogleService-Info.plist in Resources */ = {isa = PBXBuildFile; fileRef = DBD5D01E2B8868D3007F6DD6 /* GoogleService-Info.plist */; };
		DBD5D0212B8B18DD007F6DD6 /* UserProfileView.swift in Sources */ = {isa = PBXBuildFile; fileRef = DBD5D0202B8B18DD007F6DD6 /* UserProfileView.swift */; };
		DBD5D0232B8B19B1007F6DD6 /* AccountSettingsAndSecurityView.swift in Sources */ = {isa = PBXBuildFile; fileRef = DBD5D0222B8B19B1007F6DD6 /* AccountSettingsAndSecurityView.swift */; };
		DBD5D0252B8C8CE2007F6DD6 /* SignedInView.swift in Sources */ = {isa = PBXBuildFile; fileRef = DBD5D0242B8C8CE2007F6DD6 /* SignedInView.swift */; };
		DBD5D0282B8D4771007F6DD6 /* EmailAndNotificationsView.swift in Sources */ = {isa = PBXBuildFile; fileRef = DBD5D0272B8D4771007F6DD6 /* EmailAndNotificationsView.swift */; };
		DBD5D02A2B8D4786007F6DD6 /* PrivacyAndLegalTermsView.swift in Sources */ = {isa = PBXBuildFile; fileRef = DBD5D0292B8D4786007F6DD6 /* PrivacyAndLegalTermsView.swift */; };
		DBD5D02C2B8D4792007F6DD6 /* HelpView.swift in Sources */ = {isa = PBXBuildFile; fileRef = DBD5D02B2B8D4792007F6DD6 /* HelpView.swift */; };
		DBD5D0302B92B4FA007F6DD6 /* GoogleSignIn in Frameworks */ = {isa = PBXBuildFile; productRef = DBD5D02F2B92B4FA007F6DD6 /* GoogleSignIn */; };
		DBD5D0322B92B4FA007F6DD6 /* GoogleSignInSwift in Frameworks */ = {isa = PBXBuildFile; productRef = DBD5D0312B92B4FA007F6DD6 /* GoogleSignInSwift */; };
		DBD5D0342B93F7B2007F6DD6 /* SignInGoogleHelper.swift in Sources */ = {isa = PBXBuildFile; fileRef = DBD5D0332B93F7B2007F6DD6 /* SignInGoogleHelper.swift */; };
/* End PBXBuildFile section */

/* Begin PBXFileReference section */
		DB4B77882B9D6293005FB6C5 /* MapTestView.swift */ = {isa = PBXFileReference; lastKnownFileType = sourcecode.swift; path = MapTestView.swift; sourceTree = "<group>"; };
		DB4B778A2B9DE90C005FB6C5 /* SearchableTestView.swift */ = {isa = PBXFileReference; lastKnownFileType = sourcecode.swift; path = SearchableTestView.swift; sourceTree = "<group>"; };
		DB6416852C16E6AF00789767 /* Remote Community Maps.entitlements */ = {isa = PBXFileReference; lastKnownFileType = text.plist.entitlements; path = "Remote Community Maps.entitlements"; sourceTree = "<group>"; };
		DB6416862C1733CC00789767 /* SignInAppleHelper.swift */ = {isa = PBXFileReference; lastKnownFileType = sourcecode.swift; path = SignInAppleHelper.swift; sourceTree = "<group>"; };
		DBD5CF742B88645C007F6DD6 /* Remote Community Maps.app */ = {isa = PBXFileReference; explicitFileType = wrapper.application; includeInIndex = 0; path = "Remote Community Maps.app"; sourceTree = BUILT_PRODUCTS_DIR; };
		DBD5CF772B88645C007F6DD6 /* Remote_Community_MapsApp.swift */ = {isa = PBXFileReference; lastKnownFileType = sourcecode.swift; path = Remote_Community_MapsApp.swift; sourceTree = "<group>"; };
		DBD5CF7B2B88645E007F6DD6 /* Assets.xcassets */ = {isa = PBXFileReference; lastKnownFileType = folder.assetcatalog; path = Assets.xcassets; sourceTree = "<group>"; };
		DBD5CF7E2B88645E007F6DD6 /* Preview Assets.xcassets */ = {isa = PBXFileReference; lastKnownFileType = folder.assetcatalog; path = "Preview Assets.xcassets"; sourceTree = "<group>"; };
		DBD5CF972B886536007F6DD6 /* Remote-Community-Maps-Info.plist */ = {isa = PBXFileReference; lastKnownFileType = text.plist; path = "Remote-Community-Maps-Info.plist"; sourceTree = SOURCE_ROOT; };
		DBD5CF992B8865BB007F6DD6 /* RemoteCommunitiesListView.swift */ = {isa = PBXFileReference; fileEncoding = 4; lastKnownFileType = sourcecode.swift; path = RemoteCommunitiesListView.swift; sourceTree = "<group>"; };
		DBD5CF9A2B8865BB007F6DD6 /* RemoteCommunityView.swift */ = {isa = PBXFileReference; fileEncoding = 4; lastKnownFileType = sourcecode.swift; path = RemoteCommunityView.swift; sourceTree = "<group>"; };
		DBD5CF9B2B8865BB007F6DD6 /* LotDetailAndMapView.swift */ = {isa = PBXFileReference; fileEncoding = 4; lastKnownFileType = sourcecode.swift; path = LotDetailAndMapView.swift; sourceTree = "<group>"; };
		DBD5CF9C2B8865BB007F6DD6 /* RemoteCommunityMapAllLocationsView.swift */ = {isa = PBXFileReference; fileEncoding = 4; lastKnownFileType = sourcecode.swift; path = RemoteCommunityMapAllLocationsView.swift; sourceTree = "<group>"; };
		DBD5CF9E2B8865BB007F6DD6 /* LotInformationEditView.swift */ = {isa = PBXFileReference; fileEncoding = 4; lastKnownFileType = sourcecode.swift; path = LotInformationEditView.swift; sourceTree = "<group>"; };
		DBD5CF9F2B8865BB007F6DD6 /* LotInformationEditLotColours.swift */ = {isa = PBXFileReference; fileEncoding = 4; lastKnownFileType = sourcecode.swift; path = LotInformationEditLotColours.swift; sourceTree = "<group>"; };
		DBD5CFA02B8865BB007F6DD6 /* LocationListView.swift */ = {isa = PBXFileReference; fileEncoding = 4; lastKnownFileType = sourcecode.swift; path = LocationListView.swift; sourceTree = "<group>"; };
		DBD5CFA12B8865BB007F6DD6 /* AddPointOfInterestView.swift */ = {isa = PBXFileReference; fileEncoding = 4; lastKnownFileType = sourcecode.swift; path = AddPointOfInterestView.swift; sourceTree = "<group>"; };
		DBD5CFA22B8865BB007F6DD6 /* EditPointOfInterestLocationView.swift */ = {isa = PBXFileReference; fileEncoding = 4; lastKnownFileType = sourcecode.swift; path = EditPointOfInterestLocationView.swift; sourceTree = "<group>"; };
		DBD5CFA32B8865BB007F6DD6 /* SheetHouseDetailsView.swift */ = {isa = PBXFileReference; fileEncoding = 4; lastKnownFileType = sourcecode.swift; path = SheetHouseDetailsView.swift; sourceTree = "<group>"; };
		DBD5CFA42B8865BB007F6DD6 /* ImageCardView.swift */ = {isa = PBXFileReference; fileEncoding = 4; lastKnownFileType = sourcecode.swift; path = ImageCardView.swift; sourceTree = "<group>"; };
		DBD5CFA52B8865BB007F6DD6 /* LotInformationDetailView.swift */ = {isa = PBXFileReference; fileEncoding = 4; lastKnownFileType = sourcecode.swift; path = LotInformationDetailView.swift; sourceTree = "<group>"; };
		DBD5CFA62B8865BB007F6DD6 /* RemoteCommunitySearchView.swift */ = {isa = PBXFileReference; fileEncoding = 4; lastKnownFileType = sourcecode.swift; path = RemoteCommunitySearchView.swift; sourceTree = "<group>"; };
		DBD5CFA82B8865BB007F6DD6 /* StartView.swift */ = {isa = PBXFileReference; fileEncoding = 4; lastKnownFileType = sourcecode.swift; path = StartView.swift; sourceTree = "<group>"; };
		DBD5CFA92B8865BB007F6DD6 /* SettingsView.swift */ = {isa = PBXFileReference; fileEncoding = 4; lastKnownFileType = sourcecode.swift; path = SettingsView.swift; sourceTree = "<group>"; };
		DBD5CFAA2B8865BB007F6DD6 /* LoginView.swift */ = {isa = PBXFileReference; fileEncoding = 4; lastKnownFileType = sourcecode.swift; path = LoginView.swift; sourceTree = "<group>"; };
		DBD5CFAB2B8865BB007F6DD6 /* AuthenticationManager.swift */ = {isa = PBXFileReference; fileEncoding = 4; lastKnownFileType = sourcecode.swift; path = AuthenticationManager.swift; sourceTree = "<group>"; };
		DBD5CFAC2B8865BB007F6DD6 /* AuthenticationView.swift */ = {isa = PBXFileReference; fileEncoding = 4; lastKnownFileType = sourcecode.swift; path = AuthenticationView.swift; sourceTree = "<group>"; };
		DBD5CFAD2B8865BB007F6DD6 /* HomeView.swift */ = {isa = PBXFileReference; fileEncoding = 4; lastKnownFileType = sourcecode.swift; path = HomeView.swift; sourceTree = "<group>"; };
		DBD5CFAE2B8865BB007F6DD6 /* RootView.swift */ = {isa = PBXFileReference; fileEncoding = 4; lastKnownFileType = sourcecode.swift; path = RootView.swift; sourceTree = "<group>"; };
		DBD5CFAF2B8865BB007F6DD6 /* WelcomeView.swift */ = {isa = PBXFileReference; fileEncoding = 4; lastKnownFileType = sourcecode.swift; path = WelcomeView.swift; sourceTree = "<group>"; };
		DBD5CFB02B8865BB007F6DD6 /* OldAuthenticationView.swift */ = {isa = PBXFileReference; fileEncoding = 4; lastKnownFileType = sourcecode.swift; path = OldAuthenticationView.swift; sourceTree = "<group>"; };
		DBD5CFB12B8865BB007F6DD6 /* SignInEmailView.swift */ = {isa = PBXFileReference; fileEncoding = 4; lastKnownFileType = sourcecode.swift; path = SignInEmailView.swift; sourceTree = "<group>"; };
		DBD5CFB22B8865BB007F6DD6 /* SignUpViewEmailView.swift */ = {isa = PBXFileReference; fileEncoding = 4; lastKnownFileType = sourcecode.swift; path = SignUpViewEmailView.swift; sourceTree = "<group>"; };
		DBD5CFB32B8865BB007F6DD6 /* ContentView.swift */ = {isa = PBXFileReference; fileEncoding = 4; lastKnownFileType = sourcecode.swift; path = ContentView.swift; sourceTree = "<group>"; };
		DBD5CFCE2B8865C3007F6DD6 /* HealthCentre.swift */ = {isa = PBXFileReference; fileEncoding = 4; lastKnownFileType = sourcecode.swift; path = HealthCentre.swift; sourceTree = "<group>"; };
		DBD5CFCF2B8865C3007F6DD6 /* LotInformation.swift */ = {isa = PBXFileReference; fileEncoding = 4; lastKnownFileType = sourcecode.swift; path = LotInformation.swift; sourceTree = "<group>"; };
		DBD5CFD02B8865C3007F6DD6 /* RemoteCommunity.swift */ = {isa = PBXFileReference; fileEncoding = 4; lastKnownFileType = sourcecode.swift; path = RemoteCommunity.swift; sourceTree = "<group>"; };
		DBD5CFD72B8865C9007F6DD6 /* CloudLotInformation.swift */ = {isa = PBXFileReference; fileEncoding = 4; lastKnownFileType = sourcecode.swift; path = CloudLotInformation.swift; sourceTree = "<group>"; };
		DBD5CFD82B8865C9007F6DD6 /* CloudModelRemoteCommunity.swift */ = {isa = PBXFileReference; fileEncoding = 4; lastKnownFileType = sourcecode.swift; path = CloudModelRemoteCommunity.swift; sourceTree = "<group>"; };
		DBD5CFDA2B8865C9007F6DD6 /* CloudDataStoreRemoteCommunity.swift */ = {isa = PBXFileReference; fileEncoding = 4; lastKnownFileType = sourcecode.swift; path = CloudDataStoreRemoteCommunity.swift; sourceTree = "<group>"; };
		DBD5CFDC2B8865C9007F6DD6 /* CloudAllRemoteCommunitiesView.swift */ = {isa = PBXFileReference; fileEncoding = 4; lastKnownFileType = sourcecode.swift; path = CloudAllRemoteCommunitiesView.swift; sourceTree = "<group>"; };
		DBD5CFDD2B8865C9007F6DD6 /* CloudRemoteCommunityDetailView.swift */ = {isa = PBXFileReference; fileEncoding = 4; lastKnownFileType = sourcecode.swift; path = CloudRemoteCommunityDetailView.swift; sourceTree = "<group>"; };
		DBD5CFE02B8865C9007F6DD6 /* CloudModelFruit.swift */ = {isa = PBXFileReference; fileEncoding = 4; lastKnownFileType = sourcecode.swift; path = CloudModelFruit.swift; sourceTree = "<group>"; };
		DBD5CFE12B8865C9007F6DD6 /* CloudDataStoreFruit.swift */ = {isa = PBXFileReference; fileEncoding = 4; lastKnownFileType = sourcecode.swift; path = CloudDataStoreFruit.swift; sourceTree = "<group>"; };
		DBD5CFE32B8865C9007F6DD6 /* CloudFruitDetailView.swift */ = {isa = PBXFileReference; fileEncoding = 4; lastKnownFileType = sourcecode.swift; path = CloudFruitDetailView.swift; sourceTree = "<group>"; };
		DBD5CFE42B8865C9007F6DD6 /* CloudAllFruitsView.swift */ = {isa = PBXFileReference; fileEncoding = 4; lastKnownFileType = sourcecode.swift; path = CloudAllFruitsView.swift; sourceTree = "<group>"; };
		DBD5CFE72B8865C9007F6DD6 /* FirestoreManager.swift */ = {isa = PBXFileReference; fileEncoding = 4; lastKnownFileType = sourcecode.swift; path = FirestoreManager.swift; sourceTree = "<group>"; };
		DBD5CFE92B8865C9007F6DD6 /* FirebaseWriteTestView.swift */ = {isa = PBXFileReference; fileEncoding = 4; lastKnownFileType = sourcecode.swift; path = FirebaseWriteTestView.swift; sourceTree = "<group>"; };
		DBD5CFEB2B8865C9007F6DD6 /* SODA.swift */ = {isa = PBXFileReference; fileEncoding = 4; lastKnownFileType = sourcecode.swift; path = SODA.swift; sourceTree = "<group>"; };
		DBD5CFEC2B8865C9007F6DD6 /* Agent.swift */ = {isa = PBXFileReference; fileEncoding = 4; lastKnownFileType = sourcecode.swift; path = Agent.swift; sourceTree = "<group>"; };
		DBD5CFFB2B8865CF007F6DD6 /* Binding-OnChange.swift */ = {isa = PBXFileReference; fileEncoding = 4; lastKnownFileType = sourcecode.swift; path = "Binding-OnChange.swift"; sourceTree = "<group>"; };
		DBD5CFFC2B8865CF007F6DD6 /* UtilityHelpers.swift */ = {isa = PBXFileReference; fileEncoding = 4; lastKnownFileType = sourcecode.swift; path = UtilityHelpers.swift; sourceTree = "<group>"; };
		DBD5CFFD2B8865CF007F6DD6 /* DataController.swift */ = {isa = PBXFileReference; fileEncoding = 4; lastKnownFileType = sourcecode.swift; path = DataController.swift; sourceTree = "<group>"; };
		DBD5CFFE2B8865CF007F6DD6 /* Extensions.swift */ = {isa = PBXFileReference; fileEncoding = 4; lastKnownFileType = sourcecode.swift; path = Extensions.swift; sourceTree = "<group>"; };
		DBD5CFFF2B8865CF007F6DD6 /* LocationDataManager.swift */ = {isa = PBXFileReference; fileEncoding = 4; lastKnownFileType = sourcecode.swift; path = LocationDataManager.swift; sourceTree = "<group>"; };
		DBD5D0002B8865CF007F6DD6 /* Router.swift */ = {isa = PBXFileReference; fileEncoding = 4; lastKnownFileType = sourcecode.swift; path = Router.swift; sourceTree = "<group>"; };
		DBD5D0012B8865CF007F6DD6 /* Bundle-Decodable.swift */ = {isa = PBXFileReference; fileEncoding = 4; lastKnownFileType = sourcecode.swift; path = "Bundle-Decodable.swift"; sourceTree = "<group>"; };
		DBD5D00A2B8865D8007F6DD6 /* Remote-Community-Map-Data.json */ = {isa = PBXFileReference; fileEncoding = 4; lastKnownFileType = text.json; path = "Remote-Community-Map-Data.json"; sourceTree = "<group>"; };
		DBD5D00B2B8865D8007F6DD6 /* Lot Data - Docker River - NT.geojson */ = {isa = PBXFileReference; fileEncoding = 4; lastKnownFileType = text; path = "Lot Data - Docker River - NT.geojson"; sourceTree = "<group>"; };
		DBD5D00C2B8865D8007F6DD6 /* Lot Data - Hermannsburg - NT.geojson */ = {isa = PBXFileReference; fileEncoding = 4; lastKnownFileType = text; path = "Lot Data - Hermannsburg - NT.geojson"; sourceTree = "<group>"; };
		DBD5D00D2B8865D8007F6DD6 /* Lot Data - Amoonguna - NT.geojson */ = {isa = PBXFileReference; fileEncoding = 4; lastKnownFileType = text; path = "Lot Data - Amoonguna - NT.geojson"; sourceTree = "<group>"; };
		DBD5D00E2B8865D8007F6DD6 /* Lot Data - Mutitjulu - NT.geojson */ = {isa = PBXFileReference; fileEncoding = 4; lastKnownFileType = text; path = "Lot Data - Mutitjulu - NT.geojson"; sourceTree = "<group>"; };
		DBD5D00F2B8865D8007F6DD6 /* Lot Data - Areyonga - NT.geojson */ = {isa = PBXFileReference; fileEncoding = 4; lastKnownFileType = text; path = "Lot Data - Areyonga - NT.geojson"; sourceTree = "<group>"; };
		DBD5D0162B8865E0007F6DD6 /* SingleItemPreview.swift */ = {isa = PBXFileReference; fileEncoding = 4; lastKnownFileType = sourcecode.swift; path = SingleItemPreview.swift; sourceTree = "<group>"; };
		DBD5D0182B8865E7007F6DD6 /* RemoteCommunitySamples.swift */ = {isa = PBXFileReference; fileEncoding = 4; lastKnownFileType = sourcecode.swift; path = RemoteCommunitySamples.swift; sourceTree = "<group>"; };
		DBD5D01C2B886793007F6DD6 /* Lot Data - Santa Teresa - NT.geojson */ = {isa = PBXFileReference; fileEncoding = 4; lastKnownFileType = text; path = "Lot Data - Santa Teresa - NT.geojson"; sourceTree = "<group>"; };
		DBD5D01E2B8868D3007F6DD6 /* GoogleService-Info.plist */ = {isa = PBXFileReference; fileEncoding = 4; lastKnownFileType = text.plist.xml; path = "GoogleService-Info.plist"; sourceTree = "<group>"; };
		DBD5D0202B8B18DD007F6DD6 /* UserProfileView.swift */ = {isa = PBXFileReference; lastKnownFileType = sourcecode.swift; path = UserProfileView.swift; sourceTree = "<group>"; };
		DBD5D0222B8B19B1007F6DD6 /* AccountSettingsAndSecurityView.swift */ = {isa = PBXFileReference; lastKnownFileType = sourcecode.swift; path = AccountSettingsAndSecurityView.swift; sourceTree = "<group>"; };
		DBD5D0242B8C8CE2007F6DD6 /* SignedInView.swift */ = {isa = PBXFileReference; lastKnownFileType = sourcecode.swift; path = SignedInView.swift; sourceTree = "<group>"; };
		DBD5D0272B8D4771007F6DD6 /* EmailAndNotificationsView.swift */ = {isa = PBXFileReference; lastKnownFileType = sourcecode.swift; path = EmailAndNotificationsView.swift; sourceTree = "<group>"; };
		DBD5D0292B8D4786007F6DD6 /* PrivacyAndLegalTermsView.swift */ = {isa = PBXFileReference; lastKnownFileType = sourcecode.swift; path = PrivacyAndLegalTermsView.swift; sourceTree = "<group>"; };
		DBD5D02B2B8D4792007F6DD6 /* HelpView.swift */ = {isa = PBXFileReference; lastKnownFileType = sourcecode.swift; path = HelpView.swift; sourceTree = "<group>"; };
		DBD5D0332B93F7B2007F6DD6 /* SignInGoogleHelper.swift */ = {isa = PBXFileReference; lastKnownFileType = sourcecode.swift; path = SignInGoogleHelper.swift; sourceTree = "<group>"; };
/* End PBXFileReference section */

/* Begin PBXFrameworksBuildPhase section */
		DBD5CF712B88645C007F6DD6 /* Frameworks */ = {
			isa = PBXFrameworksBuildPhase;
			buildActionMask = 2147483647;
			files = (
				DBD5CF8B2B88648F007F6DD6 /* FirebaseAnalyticsSwift in Frameworks */,
				DBD5CF922B8864BB007F6DD6 /* FirebaseAuth in Frameworks */,
				DBD5CF872B88648F007F6DD6 /* FirebaseAnalytics in Frameworks */,
				DBD5D0322B92B4FA007F6DD6 /* GoogleSignInSwift in Frameworks */,
				DBD5CF962B8864CF007F6DD6 /* FirebaseCrashlytics in Frameworks */,
				DBD5CF8F2B88648F007F6DD6 /* FirebaseAppCheck in Frameworks */,
				DBD5CF942B8864BB007F6DD6 /* FirebaseFirestore in Frameworks */,
				DBD5D0302B92B4FA007F6DD6 /* GoogleSignIn in Frameworks */,
			);
			runOnlyForDeploymentPostprocessing = 0;
		};
/* End PBXFrameworksBuildPhase section */

/* Begin PBXGroup section */
		DB6416842C16AA6500789767 /* Profile */ = {
			isa = PBXGroup;
			children = (
				DBD5D0202B8B18DD007F6DD6 /* UserProfileView.swift */,
			);
			path = Profile;
			sourceTree = "<group>";
		};
		DBD5CF6B2B88645C007F6DD6 = {
			isa = PBXGroup;
			children = (
				DBD5CF762B88645C007F6DD6 /* Remote Community Maps */,
				DBD5CF752B88645C007F6DD6 /* Products */,
				DBD5CF902B8864BB007F6DD6 /* Frameworks */,
			);
			sourceTree = "<group>";
		};
		DBD5CF752B88645C007F6DD6 /* Products */ = {
			isa = PBXGroup;
			children = (
				DBD5CF742B88645C007F6DD6 /* Remote Community Maps.app */,
			);
			name = Products;
			sourceTree = "<group>";
		};
		DBD5CF762B88645C007F6DD6 /* Remote Community Maps */ = {
			isa = PBXGroup;
			children = (
				DB6416852C16E6AF00789767 /* Remote Community Maps.entitlements */,
				DBD5CF772B88645C007F6DD6 /* Remote_Community_MapsApp.swift */,
				DBD5CF982B8865BB007F6DD6 /* Views */,
				DBD5CFCD2B8865C3007F6DD6 /* Models */,
				DBD5CFD42B8865C9007F6DD6 /* Cloud */,
				DBD5CFFA2B8865CF007F6DD6 /* Utilities */,
				DBD5D0092B8865D8007F6DD6 /* Seed Data */,
				DBD5CF7B2B88645E007F6DD6 /* Assets.xcassets */,
				DBD5CF972B886536007F6DD6 /* Remote-Community-Maps-Info.plist */,
				DBD5D01E2B8868D3007F6DD6 /* GoogleService-Info.plist */,
				DBD5CF7D2B88645E007F6DD6 /* Preview Content */,
			);
			path = "Remote Community Maps";
			sourceTree = "<group>";
		};
		DBD5CF7D2B88645E007F6DD6 /* Preview Content */ = {
			isa = PBXGroup;
			children = (
				DBD5CF7E2B88645E007F6DD6 /* Preview Assets.xcassets */,
			);
			path = "Preview Content";
			sourceTree = "<group>";
		};
		DBD5CF902B8864BB007F6DD6 /* Frameworks */ = {
			isa = PBXGroup;
			children = (
			);
			name = Frameworks;
			sourceTree = "<group>";
		};
		DBD5CF982B8865BB007F6DD6 /* Views */ = {
			isa = PBXGroup;
			children = (
				DBD5CFB32B8865BB007F6DD6 /* ContentView.swift */,
				DBD5CF992B8865BB007F6DD6 /* RemoteCommunitiesListView.swift */,
				DBD5CF9A2B8865BB007F6DD6 /* RemoteCommunityView.swift */,
				DBD5CF9C2B8865BB007F6DD6 /* RemoteCommunityMapAllLocationsView.swift */,
				DBD5CFA62B8865BB007F6DD6 /* RemoteCommunitySearchView.swift */,
				DBD5CFA52B8865BB007F6DD6 /* LotInformationDetailView.swift */,
				DBD5CF9B2B8865BB007F6DD6 /* LotDetailAndMapView.swift */,
				DBD5CFA42B8865BB007F6DD6 /* ImageCardView.swift */,
				DBD5D0262B8D4741007F6DD6 /* Settings */,
				DBD5CFA72B8865BB007F6DD6 /* Authentication */,
				DBD5CF9D2B8865BB007F6DD6 /* EditData */,
			);
			path = Views;
			sourceTree = "<group>";
		};
		DBD5CF9D2B8865BB007F6DD6 /* EditData */ = {
			isa = PBXGroup;
			children = (
				DBD5CFA32B8865BB007F6DD6 /* SheetHouseDetailsView.swift */,
				DBD5CF9E2B8865BB007F6DD6 /* LotInformationEditView.swift */,
				DBD5CF9F2B8865BB007F6DD6 /* LotInformationEditLotColours.swift */,
				DBD5CFA02B8865BB007F6DD6 /* LocationListView.swift */,
				DBD5CFA12B8865BB007F6DD6 /* AddPointOfInterestView.swift */,
				DBD5CFA22B8865BB007F6DD6 /* EditPointOfInterestLocationView.swift */,
			);
			path = EditData;
			sourceTree = "<group>";
		};
		DBD5CFA72B8865BB007F6DD6 /* Authentication */ = {
			isa = PBXGroup;
			children = (
				DBD5CFAE2B8865BB007F6DD6 /* RootView.swift */,
				DBD5CFA82B8865BB007F6DD6 /* StartView.swift */,
				DBD5CFAA2B8865BB007F6DD6 /* LoginView.swift */,
				DBD5CFAB2B8865BB007F6DD6 /* AuthenticationManager.swift */,
				DBD5CFAD2B8865BB007F6DD6 /* HomeView.swift */,
				DBD5CFAF2B8865BB007F6DD6 /* WelcomeView.swift */,
				DBD5CFB02B8865BB007F6DD6 /* OldAuthenticationView.swift */,
				DBD5CFB12B8865BB007F6DD6 /* SignInEmailView.swift */,
				DBD5D0332B93F7B2007F6DD6 /* SignInGoogleHelper.swift */,
				DB6416862C1733CC00789767 /* SignInAppleHelper.swift */,
			);
			path = Authentication;
			sourceTree = "<group>";
		};
		DBD5CFCD2B8865C3007F6DD6 /* Models */ = {
			isa = PBXGroup;
			children = (
				DBD5CFD02B8865C3007F6DD6 /* RemoteCommunity.swift */,
				DBD5CFCF2B8865C3007F6DD6 /* LotInformation.swift */,
				DBD5CFCE2B8865C3007F6DD6 /* HealthCentre.swift */,
			);
			path = Models;
			sourceTree = "<group>";
		};
		DBD5CFD42B8865C9007F6DD6 /* Cloud */ = {
			isa = PBXGroup;
			children = (
				DBD5CFD52B8865C9007F6DD6 /* RemoteCommunity */,
				DBD5CFDE2B8865C9007F6DD6 /* Fruit */,
				DBD5CFE52B8865C9007F6DD6 /* Firebase */,
				DBD5CFEA2B8865C9007F6DD6 /* API */,
			);
			path = Cloud;
			sourceTree = "<group>";
		};
		DBD5CFD52B8865C9007F6DD6 /* RemoteCommunity */ = {
			isa = PBXGroup;
			children = (
				DBD5CFD62B8865C9007F6DD6 /* CloudModels */,
				DBD5CFD92B8865C9007F6DD6 /* DataStore */,
				DBD5CFDB2B8865C9007F6DD6 /* Views */,
			);
			path = RemoteCommunity;
			sourceTree = "<group>";
		};
		DBD5CFD62B8865C9007F6DD6 /* CloudModels */ = {
			isa = PBXGroup;
			children = (
				DBD5CFD82B8865C9007F6DD6 /* CloudModelRemoteCommunity.swift */,
				DBD5CFD72B8865C9007F6DD6 /* CloudLotInformation.swift */,
			);
			path = CloudModels;
			sourceTree = "<group>";
		};
		DBD5CFD92B8865C9007F6DD6 /* DataStore */ = {
			isa = PBXGroup;
			children = (
				DBD5CFDA2B8865C9007F6DD6 /* CloudDataStoreRemoteCommunity.swift */,
			);
			path = DataStore;
			sourceTree = "<group>";
		};
		DBD5CFDB2B8865C9007F6DD6 /* Views */ = {
			isa = PBXGroup;
			children = (
				DBD5CFDC2B8865C9007F6DD6 /* CloudAllRemoteCommunitiesView.swift */,
				DBD5CFDD2B8865C9007F6DD6 /* CloudRemoteCommunityDetailView.swift */,
			);
			path = Views;
			sourceTree = "<group>";
		};
		DBD5CFDE2B8865C9007F6DD6 /* Fruit */ = {
			isa = PBXGroup;
			children = (
				DBD5CFDF2B8865C9007F6DD6 /* CloudModels */,
				DBD5CFE22B8865C9007F6DD6 /* Views */,
			);
			path = Fruit;
			sourceTree = "<group>";
		};
		DBD5CFDF2B8865C9007F6DD6 /* CloudModels */ = {
			isa = PBXGroup;
			children = (
				DBD5CFE02B8865C9007F6DD6 /* CloudModelFruit.swift */,
				DBD5CFE12B8865C9007F6DD6 /* CloudDataStoreFruit.swift */,
			);
			path = CloudModels;
			sourceTree = "<group>";
		};
		DBD5CFE22B8865C9007F6DD6 /* Views */ = {
			isa = PBXGroup;
			children = (
				DBD5CFE32B8865C9007F6DD6 /* CloudFruitDetailView.swift */,
				DBD5CFE42B8865C9007F6DD6 /* CloudAllFruitsView.swift */,
			);
			path = Views;
			sourceTree = "<group>";
		};
		DBD5CFE52B8865C9007F6DD6 /* Firebase */ = {
			isa = PBXGroup;
			children = (
				DBD5CFE62B8865C9007F6DD6 /* FirestoreManager */,
				DBD5CFE82B8865C9007F6DD6 /* Views */,
			);
			path = Firebase;
			sourceTree = "<group>";
		};
		DBD5CFE62B8865C9007F6DD6 /* FirestoreManager */ = {
			isa = PBXGroup;
			children = (
				DBD5CFE72B8865C9007F6DD6 /* FirestoreManager.swift */,
				DBD5CFE92B8865C9007F6DD6 /* FirebaseWriteTestView.swift */,
			);
			path = FirestoreManager;
			sourceTree = "<group>";
		};
		DBD5CFE82B8865C9007F6DD6 /* Views */ = {
			isa = PBXGroup;
			children = (
			);
			path = Views;
			sourceTree = "<group>";
		};
		DBD5CFEA2B8865C9007F6DD6 /* API */ = {
			isa = PBXGroup;
			children = (
				DBD5CFEB2B8865C9007F6DD6 /* SODA.swift */,
				DBD5CFEC2B8865C9007F6DD6 /* Agent.swift */,
			);
			path = API;
			sourceTree = "<group>";
		};
		DBD5CFFA2B8865CF007F6DD6 /* Utilities */ = {
			isa = PBXGroup;
			children = (
				DB4B77882B9D6293005FB6C5 /* MapTestView.swift */,
				DBD5CFFB2B8865CF007F6DD6 /* Binding-OnChange.swift */,
				DBD5CFFC2B8865CF007F6DD6 /* UtilityHelpers.swift */,
				DBD5CFFD2B8865CF007F6DD6 /* DataController.swift */,
				DBD5CFFE2B8865CF007F6DD6 /* Extensions.swift */,
				DBD5CFFF2B8865CF007F6DD6 /* LocationDataManager.swift */,
				DBD5D0002B8865CF007F6DD6 /* Router.swift */,
				DBD5D0012B8865CF007F6DD6 /* Bundle-Decodable.swift */,
				DBD5D0162B8865E0007F6DD6 /* SingleItemPreview.swift */,
				DB4B778A2B9DE90C005FB6C5 /* SearchableTestView.swift */,
			);
			path = Utilities;
			sourceTree = "<group>";
		};
		DBD5D0092B8865D8007F6DD6 /* Seed Data */ = {
			isa = PBXGroup;
			children = (
				DBD5D00A2B8865D8007F6DD6 /* Remote-Community-Map-Data.json */,
				DBD5D01C2B886793007F6DD6 /* Lot Data - Santa Teresa - NT.geojson */,
				DBD5D00B2B8865D8007F6DD6 /* Lot Data - Docker River - NT.geojson */,
				DBD5D00C2B8865D8007F6DD6 /* Lot Data - Hermannsburg - NT.geojson */,
				DBD5D00D2B8865D8007F6DD6 /* Lot Data - Amoonguna - NT.geojson */,
				DBD5D00E2B8865D8007F6DD6 /* Lot Data - Mutitjulu - NT.geojson */,
				DBD5D00F2B8865D8007F6DD6 /* Lot Data - Areyonga - NT.geojson */,
				DBD5D0182B8865E7007F6DD6 /* RemoteCommunitySamples.swift */,
			);
			path = "Seed Data";
			sourceTree = "<group>";
		};
		DBD5D0262B8D4741007F6DD6 /* Settings */ = {
			isa = PBXGroup;
			children = (
				DB6416842C16AA6500789767 /* Profile */,
				DBD5CFA92B8865BB007F6DD6 /* SettingsView.swift */,
				DBD5D02D2B8D483A007F6DD6 /* Account & Security */,
				DBD5D0272B8D4771007F6DD6 /* EmailAndNotificationsView.swift */,
				DBD5D0292B8D4786007F6DD6 /* PrivacyAndLegalTermsView.swift */,
				DBD5D02B2B8D4792007F6DD6 /* HelpView.swift */,
			);
			path = Settings;
			sourceTree = "<group>";
		};
		DBD5D02D2B8D483A007F6DD6 /* Account & Security */ = {
			isa = PBXGroup;
			children = (
				DBD5CFAC2B8865BB007F6DD6 /* AuthenticationView.swift */,
				DBD5D0242B8C8CE2007F6DD6 /* SignedInView.swift */,
				DBD5CFB22B8865BB007F6DD6 /* SignUpViewEmailView.swift */,
				DBD5D0222B8B19B1007F6DD6 /* AccountSettingsAndSecurityView.swift */,
			);
			path = "Account & Security";
			sourceTree = "<group>";
		};
/* End PBXGroup section */

/* Begin PBXNativeTarget section */
		DBD5CF732B88645C007F6DD6 /* Remote Community Maps */ = {
			isa = PBXNativeTarget;
			buildConfigurationList = DBD5CF822B88645E007F6DD6 /* Build configuration list for PBXNativeTarget "Remote Community Maps" */;
			buildPhases = (
				DBD5CF702B88645C007F6DD6 /* Sources */,
				DBD5CF712B88645C007F6DD6 /* Frameworks */,
				DBD5CF722B88645C007F6DD6 /* Resources */,
			);
			buildRules = (
			);
			dependencies = (
			);
			name = "Remote Community Maps";
			packageProductDependencies = (
				DBD5CF862B88648F007F6DD6 /* FirebaseAnalytics */,
				DBD5CF8A2B88648F007F6DD6 /* FirebaseAnalyticsSwift */,
				DBD5CF8E2B88648F007F6DD6 /* FirebaseAppCheck */,
				DBD5CF912B8864BB007F6DD6 /* FirebaseAuth */,
				DBD5CF932B8864BB007F6DD6 /* FirebaseFirestore */,
				DBD5CF952B8864CF007F6DD6 /* FirebaseCrashlytics */,
				DBD5D02F2B92B4FA007F6DD6 /* GoogleSignIn */,
				DBD5D0312B92B4FA007F6DD6 /* GoogleSignInSwift */,
			);
			productName = "Remote Community Maps";
			productReference = DBD5CF742B88645C007F6DD6 /* Remote Community Maps.app */;
			productType = "com.apple.product-type.application";
		};
/* End PBXNativeTarget section */

/* Begin PBXProject section */
		DBD5CF6C2B88645C007F6DD6 /* Project object */ = {
			isa = PBXProject;
			attributes = {
				BuildIndependentTargetsInParallel = 1;
				LastSwiftUpdateCheck = 1510;
				LastUpgradeCheck = 1510;
				TargetAttributes = {
					DBD5CF732B88645C007F6DD6 = {
						CreatedOnToolsVersion = 15.1;
					};
				};
			};
			buildConfigurationList = DBD5CF6F2B88645C007F6DD6 /* Build configuration list for PBXProject "Remote Community Maps" */;
			compatibilityVersion = "Xcode 14.0";
			developmentRegion = en;
			hasScannedForEncodings = 0;
			knownRegions = (
				en,
				Base,
			);
			mainGroup = DBD5CF6B2B88645C007F6DD6;
			packageReferences = (
				DBD5CF852B88648F007F6DD6 /* XCRemoteSwiftPackageReference "firebase-ios-sdk" */,
				DBD5D02E2B92B4FA007F6DD6 /* XCRemoteSwiftPackageReference "GoogleSignIn-iOS" */,
			);
			productRefGroup = DBD5CF752B88645C007F6DD6 /* Products */;
			projectDirPath = "";
			projectRoot = "";
			targets = (
				DBD5CF732B88645C007F6DD6 /* Remote Community Maps */,
			);
		};
/* End PBXProject section */

/* Begin PBXResourcesBuildPhase section */
		DBD5CF722B88645C007F6DD6 /* Resources */ = {
			isa = PBXResourcesBuildPhase;
			buildActionMask = 2147483647;
			files = (
				DBD5D0132B8865D8007F6DD6 /* Lot Data - Amoonguna - NT.geojson in Resources */,
				DBD5D0142B8865D8007F6DD6 /* Lot Data - Mutitjulu - NT.geojson in Resources */,
				DBD5D0122B8865D8007F6DD6 /* Lot Data - Hermannsburg - NT.geojson in Resources */,
				DBD5D0112B8865D8007F6DD6 /* Lot Data - Docker River - NT.geojson in Resources */,
				DBD5D0152B8865D8007F6DD6 /* Lot Data - Areyonga - NT.geojson in Resources */,
				DBD5CF7F2B88645E007F6DD6 /* Preview Assets.xcassets in Resources */,
				DBD5D01D2B886793007F6DD6 /* Lot Data - Santa Teresa - NT.geojson in Resources */,
				DBD5D01F2B8868D3007F6DD6 /* GoogleService-Info.plist in Resources */,
				DBD5CF7C2B88645E007F6DD6 /* Assets.xcassets in Resources */,
				DBD5D0102B8865D8007F6DD6 /* Remote-Community-Map-Data.json in Resources */,
			);
			runOnlyForDeploymentPostprocessing = 0;
		};
/* End PBXResourcesBuildPhase section */

/* Begin PBXSourcesBuildPhase section */
		DBD5CF702B88645C007F6DD6 /* Sources */ = {
			isa = PBXSourcesBuildPhase;
			buildActionMask = 2147483647;
			files = (
				DBD5CFBF2B8865BB007F6DD6 /* LotInformationDetailView.swift in Sources */,
				DBD5CFBA2B8865BB007F6DD6 /* LocationListView.swift in Sources */,
				DBD5CFB72B8865BB007F6DD6 /* RemoteCommunityMapAllLocationsView.swift in Sources */,
				DBD5D0252B8C8CE2007F6DD6 /* SignedInView.swift in Sources */,
				DBD5CFF72B8865C9007F6DD6 /* FirebaseWriteTestView.swift in Sources */,
				DBD5CFC12B8865BB007F6DD6 /* StartView.swift in Sources */,
				DBD5CFC42B8865BB007F6DD6 /* AuthenticationManager.swift in Sources */,
				DBD5D0282B8D4771007F6DD6 /* EmailAndNotificationsView.swift in Sources */,
				DBD5CFBB2B8865BB007F6DD6 /* AddPointOfInterestView.swift in Sources */,
				DB4B778B2B9DE90C005FB6C5 /* SearchableTestView.swift in Sources */,
				DBD5CFCB2B8865BB007F6DD6 /* SignUpViewEmailView.swift in Sources */,
				DBD5CFC22B8865BB007F6DD6 /* SettingsView.swift in Sources */,
				DBD5CFB62B8865BB007F6DD6 /* LotDetailAndMapView.swift in Sources */,
				DBD5CFF82B8865C9007F6DD6 /* SODA.swift in Sources */,
				DBD5CFD32B8865C3007F6DD6 /* RemoteCommunity.swift in Sources */,
				DBD5CFB52B8865BB007F6DD6 /* RemoteCommunityView.swift in Sources */,
				DBD5CFCA2B8865BB007F6DD6 /* SignInEmailView.swift in Sources */,
				DBD5D0172B8865E0007F6DD6 /* SingleItemPreview.swift in Sources */,
				DB6416872C1733CC00789767 /* SignInAppleHelper.swift in Sources */,
				DBD5CFEF2B8865C9007F6DD6 /* CloudDataStoreRemoteCommunity.swift in Sources */,
				DBD5CFBC2B8865BB007F6DD6 /* EditPointOfInterestLocationView.swift in Sources */,
				DBD5D0192B8865E7007F6DD6 /* RemoteCommunitySamples.swift in Sources */,
				DBD5CFED2B8865C9007F6DD6 /* CloudLotInformation.swift in Sources */,
				DBD5D02A2B8D4786007F6DD6 /* PrivacyAndLegalTermsView.swift in Sources */,
				DBD5CFC82B8865BB007F6DD6 /* WelcomeView.swift in Sources */,
				DBD5CFD22B8865C3007F6DD6 /* LotInformation.swift in Sources */,
				DBD5CFC72B8865BB007F6DD6 /* RootView.swift in Sources */,
				DBD5D0032B8865CF007F6DD6 /* UtilityHelpers.swift in Sources */,
				DBD5CFF32B8865C9007F6DD6 /* CloudDataStoreFruit.swift in Sources */,
				DBD5CFCC2B8865BB007F6DD6 /* ContentView.swift in Sources */,
				DBD5CFBE2B8865BB007F6DD6 /* ImageCardView.swift in Sources */,
				DBD5CFEE2B8865C9007F6DD6 /* CloudModelRemoteCommunity.swift in Sources */,
				DBD5CFD12B8865C3007F6DD6 /* HealthCentre.swift in Sources */,
				DBD5CFF02B8865C9007F6DD6 /* CloudAllRemoteCommunitiesView.swift in Sources */,
				DBD5D0082B8865CF007F6DD6 /* Bundle-Decodable.swift in Sources */,
				DBD5CFC02B8865BB007F6DD6 /* RemoteCommunitySearchView.swift in Sources */,
				DBD5D0212B8B18DD007F6DD6 /* UserProfileView.swift in Sources */,
				DBD5CFC92B8865BB007F6DD6 /* OldAuthenticationView.swift in Sources */,
				DBD5D0022B8865CF007F6DD6 /* Binding-OnChange.swift in Sources */,
				DBD5CFB82B8865BB007F6DD6 /* LotInformationEditView.swift in Sources */,
				DBD5CFC32B8865BB007F6DD6 /* LoginView.swift in Sources */,
				DBD5CFC62B8865BB007F6DD6 /* HomeView.swift in Sources */,
				DBD5D0062B8865CF007F6DD6 /* LocationDataManager.swift in Sources */,
				DBD5CFF12B8865C9007F6DD6 /* CloudRemoteCommunityDetailView.swift in Sources */,
				DBD5CFF62B8865C9007F6DD6 /* FirestoreManager.swift in Sources */,
				DBD5CFF22B8865C9007F6DD6 /* CloudModelFruit.swift in Sources */,
				DBD5D0072B8865CF007F6DD6 /* Router.swift in Sources */,
				DBD5CFF42B8865C9007F6DD6 /* CloudFruitDetailView.swift in Sources */,
				DBD5CFBD2B8865BB007F6DD6 /* SheetHouseDetailsView.swift in Sources */,
				DBD5CF782B88645C007F6DD6 /* Remote_Community_MapsApp.swift in Sources */,
				DBD5CFC52B8865BB007F6DD6 /* AuthenticationView.swift in Sources */,
				DBD5D02C2B8D4792007F6DD6 /* HelpView.swift in Sources */,
				DBD5D0342B93F7B2007F6DD6 /* SignInGoogleHelper.swift in Sources */,
				DBD5CFB92B8865BB007F6DD6 /* LotInformationEditLotColours.swift in Sources */,
				DBD5CFB42B8865BB007F6DD6 /* RemoteCommunitiesListView.swift in Sources */,
				DBD5D0052B8865CF007F6DD6 /* Extensions.swift in Sources */,
				DBD5D0042B8865CF007F6DD6 /* DataController.swift in Sources */,
				DBD5CFF92B8865C9007F6DD6 /* Agent.swift in Sources */,
				DB4B77892B9D6293005FB6C5 /* MapTestView.swift in Sources */,
				DBD5D0232B8B19B1007F6DD6 /* AccountSettingsAndSecurityView.swift in Sources */,
				DBD5CFF52B8865C9007F6DD6 /* CloudAllFruitsView.swift in Sources */,
			);
			runOnlyForDeploymentPostprocessing = 0;
		};
/* End PBXSourcesBuildPhase section */

/* Begin XCBuildConfiguration section */
		DBD5CF802B88645E007F6DD6 /* Debug */ = {
			isa = XCBuildConfiguration;
			buildSettings = {
				ALWAYS_SEARCH_USER_PATHS = NO;
				ASSETCATALOG_COMPILER_GENERATE_SWIFT_ASSET_SYMBOL_EXTENSIONS = YES;
				CLANG_ANALYZER_NONNULL = YES;
				CLANG_ANALYZER_NUMBER_OBJECT_CONVERSION = YES_AGGRESSIVE;
				CLANG_CXX_LANGUAGE_STANDARD = "gnu++20";
				CLANG_ENABLE_MODULES = YES;
				CLANG_ENABLE_OBJC_ARC = YES;
				CLANG_ENABLE_OBJC_WEAK = YES;
				CLANG_WARN_BLOCK_CAPTURE_AUTORELEASING = YES;
				CLANG_WARN_BOOL_CONVERSION = YES;
				CLANG_WARN_COMMA = YES;
				CLANG_WARN_CONSTANT_CONVERSION = YES;
				CLANG_WARN_DEPRECATED_OBJC_IMPLEMENTATIONS = YES;
				CLANG_WARN_DIRECT_OBJC_ISA_USAGE = YES_ERROR;
				CLANG_WARN_DOCUMENTATION_COMMENTS = YES;
				CLANG_WARN_EMPTY_BODY = YES;
				CLANG_WARN_ENUM_CONVERSION = YES;
				CLANG_WARN_INFINITE_RECURSION = YES;
				CLANG_WARN_INT_CONVERSION = YES;
				CLANG_WARN_NON_LITERAL_NULL_CONVERSION = YES;
				CLANG_WARN_OBJC_IMPLICIT_RETAIN_SELF = YES;
				CLANG_WARN_OBJC_LITERAL_CONVERSION = YES;
				CLANG_WARN_OBJC_ROOT_CLASS = YES_ERROR;
				CLANG_WARN_QUOTED_INCLUDE_IN_FRAMEWORK_HEADER = YES;
				CLANG_WARN_RANGE_LOOP_ANALYSIS = YES;
				CLANG_WARN_STRICT_PROTOTYPES = YES;
				CLANG_WARN_SUSPICIOUS_MOVE = YES;
				CLANG_WARN_UNGUARDED_AVAILABILITY = YES_AGGRESSIVE;
				CLANG_WARN_UNREACHABLE_CODE = YES;
				CLANG_WARN__DUPLICATE_METHOD_MATCH = YES;
				COPY_PHASE_STRIP = NO;
				DEBUG_INFORMATION_FORMAT = dwarf;
				ENABLE_STRICT_OBJC_MSGSEND = YES;
				ENABLE_TESTABILITY = YES;
				ENABLE_USER_SCRIPT_SANDBOXING = YES;
				"EXCLUDED_ARCHS[sdk=iphoneos*]" = arm64;
				GCC_C_LANGUAGE_STANDARD = gnu17;
				GCC_DYNAMIC_NO_PIC = NO;
				GCC_NO_COMMON_BLOCKS = YES;
				GCC_OPTIMIZATION_LEVEL = 0;
				GCC_PREPROCESSOR_DEFINITIONS = (
					"DEBUG=1",
					"$(inherited)",
				);
				GCC_WARN_64_TO_32_BIT_CONVERSION = YES;
				GCC_WARN_ABOUT_RETURN_TYPE = YES_ERROR;
				GCC_WARN_UNDECLARED_SELECTOR = YES;
				GCC_WARN_UNINITIALIZED_AUTOS = YES_AGGRESSIVE;
				GCC_WARN_UNUSED_FUNCTION = YES;
				GCC_WARN_UNUSED_VARIABLE = YES;
				IPHONEOS_DEPLOYMENT_TARGET = 17.4;
				LOCALIZATION_PREFERS_STRING_CATALOGS = YES;
				MTL_ENABLE_DEBUG_INFO = INCLUDE_SOURCE;
				MTL_FAST_MATH = YES;
				ONLY_ACTIVE_ARCH = YES;
				"OTHER_LDFLAGS[sdk=iphoneos*]" = "-ObjC";
				SDKROOT = iphoneos;
				SWIFT_ACTIVE_COMPILATION_CONDITIONS = "DEBUG $(inherited)";
				SWIFT_OPTIMIZATION_LEVEL = "-Onone";
			};
			name = Debug;
		};
		DBD5CF812B88645E007F6DD6 /* Release */ = {
			isa = XCBuildConfiguration;
			buildSettings = {
				ALWAYS_SEARCH_USER_PATHS = NO;
				ASSETCATALOG_COMPILER_GENERATE_SWIFT_ASSET_SYMBOL_EXTENSIONS = YES;
				CLANG_ANALYZER_NONNULL = YES;
				CLANG_ANALYZER_NUMBER_OBJECT_CONVERSION = YES_AGGRESSIVE;
				CLANG_CXX_LANGUAGE_STANDARD = "gnu++20";
				CLANG_ENABLE_MODULES = YES;
				CLANG_ENABLE_OBJC_ARC = YES;
				CLANG_ENABLE_OBJC_WEAK = YES;
				CLANG_WARN_BLOCK_CAPTURE_AUTORELEASING = YES;
				CLANG_WARN_BOOL_CONVERSION = YES;
				CLANG_WARN_COMMA = YES;
				CLANG_WARN_CONSTANT_CONVERSION = YES;
				CLANG_WARN_DEPRECATED_OBJC_IMPLEMENTATIONS = YES;
				CLANG_WARN_DIRECT_OBJC_ISA_USAGE = YES_ERROR;
				CLANG_WARN_DOCUMENTATION_COMMENTS = YES;
				CLANG_WARN_EMPTY_BODY = YES;
				CLANG_WARN_ENUM_CONVERSION = YES;
				CLANG_WARN_INFINITE_RECURSION = YES;
				CLANG_WARN_INT_CONVERSION = YES;
				CLANG_WARN_NON_LITERAL_NULL_CONVERSION = YES;
				CLANG_WARN_OBJC_IMPLICIT_RETAIN_SELF = YES;
				CLANG_WARN_OBJC_LITERAL_CONVERSION = YES;
				CLANG_WARN_OBJC_ROOT_CLASS = YES_ERROR;
				CLANG_WARN_QUOTED_INCLUDE_IN_FRAMEWORK_HEADER = YES;
				CLANG_WARN_RANGE_LOOP_ANALYSIS = YES;
				CLANG_WARN_STRICT_PROTOTYPES = YES;
				CLANG_WARN_SUSPICIOUS_MOVE = YES;
				CLANG_WARN_UNGUARDED_AVAILABILITY = YES_AGGRESSIVE;
				CLANG_WARN_UNREACHABLE_CODE = YES;
				CLANG_WARN__DUPLICATE_METHOD_MATCH = YES;
				COPY_PHASE_STRIP = NO;
				DEBUG_INFORMATION_FORMAT = "dwarf-with-dsym";
				ENABLE_NS_ASSERTIONS = NO;
				ENABLE_STRICT_OBJC_MSGSEND = YES;
				ENABLE_USER_SCRIPT_SANDBOXING = YES;
				GCC_C_LANGUAGE_STANDARD = gnu17;
				GCC_NO_COMMON_BLOCKS = YES;
				GCC_WARN_64_TO_32_BIT_CONVERSION = YES;
				GCC_WARN_ABOUT_RETURN_TYPE = YES_ERROR;
				GCC_WARN_UNDECLARED_SELECTOR = YES;
				GCC_WARN_UNINITIALIZED_AUTOS = YES_AGGRESSIVE;
				GCC_WARN_UNUSED_FUNCTION = YES;
				GCC_WARN_UNUSED_VARIABLE = YES;
				IPHONEOS_DEPLOYMENT_TARGET = 17.4;
				LOCALIZATION_PREFERS_STRING_CATALOGS = YES;
				MTL_ENABLE_DEBUG_INFO = NO;
				MTL_FAST_MATH = YES;
				SDKROOT = iphoneos;
				SWIFT_COMPILATION_MODE = wholemodule;
				VALIDATE_PRODUCT = YES;
			};
			name = Release;
		};
		DBD5CF832B88645E007F6DD6 /* Debug */ = {
			isa = XCBuildConfiguration;
			buildSettings = {
				ASSETCATALOG_COMPILER_APPICON_NAME = AppIcon;
				ASSETCATALOG_COMPILER_GLOBAL_ACCENT_COLOR_NAME = AccentColor;
				CODE_SIGN_ENTITLEMENTS = "Remote Community Maps/Remote Community Maps.entitlements";
				CODE_SIGN_IDENTITY = "Apple Development";
				CODE_SIGN_STYLE = Automatic;
				CURRENT_PROJECT_VERSION = 1;
				DEVELOPMENT_ASSET_PATHS = "\"Remote Community Maps/Preview Content\"";
				DEVELOPMENT_TEAM = 45HUM6LA2Z;
				ENABLE_PREVIEWS = YES;
				"EXCLUDED_ARCHS[sdk=iphoneos*]" = "";
				GENERATE_INFOPLIST_FILE = YES;
				INFOPLIST_FILE = "Remote-Community-Maps-Info.plist";
				INFOPLIST_KEY_NSLocationAlwaysAndWhenInUseUsageDescription = "Required For Navigation";
				INFOPLIST_KEY_NSLocationWhenInUseUsageDescription = "Required for Navigation";
				INFOPLIST_KEY_UIApplicationSceneManifest_Generation = YES;
				INFOPLIST_KEY_UIApplicationSupportsIndirectInputEvents = YES;
				INFOPLIST_KEY_UILaunchScreen_Generation = YES;
				INFOPLIST_KEY_UISupportedInterfaceOrientations_iPad = "UIInterfaceOrientationPortrait UIInterfaceOrientationPortraitUpsideDown UIInterfaceOrientationLandscapeLeft UIInterfaceOrientationLandscapeRight";
				INFOPLIST_KEY_UISupportedInterfaceOrientations_iPhone = "UIInterfaceOrientationPortrait UIInterfaceOrientationLandscapeLeft UIInterfaceOrientationLandscapeRight";
				IPHONEOS_DEPLOYMENT_TARGET = 17.4;
				LD_RUNPATH_SEARCH_PATHS = (
					"$(inherited)",
					"@executable_path/Frameworks",
				);
				MARKETING_VERSION = 1.0;
				"OTHER_LDFLAGS[sdk=iphonesimulator*]" = "-ObjC";
				PRODUCT_BUNDLE_IDENTIFIER = "com.nursefox.Remote-Community-Maps";
				PRODUCT_NAME = "$(TARGET_NAME)";
				PROVISIONING_PROFILE_SPECIFIER = "";
				SWIFT_EMIT_LOC_STRINGS = YES;
				SWIFT_VERSION = 5.0;
				TARGETED_DEVICE_FAMILY = "1,2";
			};
			name = Debug;
		};
		DBD5CF842B88645E007F6DD6 /* Release */ = {
			isa = XCBuildConfiguration;
			buildSettings = {
				ASSETCATALOG_COMPILER_APPICON_NAME = AppIcon;
				ASSETCATALOG_COMPILER_GLOBAL_ACCENT_COLOR_NAME = AccentColor;
				CODE_SIGN_ENTITLEMENTS = "Remote Community Maps/Remote Community Maps.entitlements";
				CODE_SIGN_IDENTITY = "Apple Development";
				CODE_SIGN_STYLE = Automatic;
				CURRENT_PROJECT_VERSION = 1;
				DEVELOPMENT_ASSET_PATHS = "\"Remote Community Maps/Preview Content\"";
				DEVELOPMENT_TEAM = 45HUM6LA2Z;
				ENABLE_PREVIEWS = YES;
				GENERATE_INFOPLIST_FILE = YES;
				INFOPLIST_FILE = "Remote-Community-Maps-Info.plist";
				INFOPLIST_KEY_NSLocationAlwaysAndWhenInUseUsageDescription = "Required For Navigation";
				INFOPLIST_KEY_NSLocationWhenInUseUsageDescription = "Required for Navigation";
				INFOPLIST_KEY_UIApplicationSceneManifest_Generation = YES;
				INFOPLIST_KEY_UIApplicationSupportsIndirectInputEvents = YES;
				INFOPLIST_KEY_UILaunchScreen_Generation = YES;
				INFOPLIST_KEY_UISupportedInterfaceOrientations_iPad = "UIInterfaceOrientationPortrait UIInterfaceOrientationPortraitUpsideDown UIInterfaceOrientationLandscapeLeft UIInterfaceOrientationLandscapeRight";
				INFOPLIST_KEY_UISupportedInterfaceOrientations_iPhone = "UIInterfaceOrientationPortrait UIInterfaceOrientationLandscapeLeft UIInterfaceOrientationLandscapeRight";
				IPHONEOS_DEPLOYMENT_TARGET = 17.4;
				LD_RUNPATH_SEARCH_PATHS = (
					"$(inherited)",
					"@executable_path/Frameworks",
				);
				MARKETING_VERSION = 1.0;
				PRODUCT_BUNDLE_IDENTIFIER = "com.nursefox.Remote-Community-Maps";
				PRODUCT_NAME = "$(TARGET_NAME)";
				PROVISIONING_PROFILE_SPECIFIER = "";
				SWIFT_EMIT_LOC_STRINGS = YES;
				SWIFT_VERSION = 5.0;
				TARGETED_DEVICE_FAMILY = "1,2";
			};
			name = Release;
		};
/* End XCBuildConfiguration section */

/* Begin XCConfigurationList section */
		DBD5CF6F2B88645C007F6DD6 /* Build configuration list for PBXProject "Remote Community Maps" */ = {
			isa = XCConfigurationList;
			buildConfigurations = (
				DBD5CF802B88645E007F6DD6 /* Debug */,
				DBD5CF812B88645E007F6DD6 /* Release */,
			);
			defaultConfigurationIsVisible = 0;
			defaultConfigurationName = Release;
		};
		DBD5CF822B88645E007F6DD6 /* Build configuration list for PBXNativeTarget "Remote Community Maps" */ = {
			isa = XCConfigurationList;
			buildConfigurations = (
				DBD5CF832B88645E007F6DD6 /* Debug */,
				DBD5CF842B88645E007F6DD6 /* Release */,
			);
			defaultConfigurationIsVisible = 0;
			defaultConfigurationName = Release;
		};
/* End XCConfigurationList section */

/* Begin XCRemoteSwiftPackageReference section */
		DBD5CF852B88648F007F6DD6 /* XCRemoteSwiftPackageReference "firebase-ios-sdk" */ = {
			isa = XCRemoteSwiftPackageReference;
			repositoryURL = "https://github.com/firebase/firebase-ios-sdk.git";
			requirement = {
				kind = upToNextMajorVersion;
				minimumVersion = 10.21.0;
			};
		};
		DBD5D02E2B92B4FA007F6DD6 /* XCRemoteSwiftPackageReference "GoogleSignIn-iOS" */ = {
			isa = XCRemoteSwiftPackageReference;
			repositoryURL = "https://github.com/google/GoogleSignIn-iOS";
			requirement = {
				kind = upToNextMajorVersion;
				minimumVersion = 7.0.0;
			};
		};
/* End XCRemoteSwiftPackageReference section */

/* Begin XCSwiftPackageProductDependency section */
		DBD5CF862B88648F007F6DD6 /* FirebaseAnalytics */ = {
			isa = XCSwiftPackageProductDependency;
			package = DBD5CF852B88648F007F6DD6 /* XCRemoteSwiftPackageReference "firebase-ios-sdk" */;
			productName = FirebaseAnalytics;
		};
		DBD5CF8A2B88648F007F6DD6 /* FirebaseAnalyticsSwift */ = {
			isa = XCSwiftPackageProductDependency;
			package = DBD5CF852B88648F007F6DD6 /* XCRemoteSwiftPackageReference "firebase-ios-sdk" */;
			productName = FirebaseAnalyticsSwift;
		};
		DBD5CF8E2B88648F007F6DD6 /* FirebaseAppCheck */ = {
			isa = XCSwiftPackageProductDependency;
			package = DBD5CF852B88648F007F6DD6 /* XCRemoteSwiftPackageReference "firebase-ios-sdk" */;
			productName = FirebaseAppCheck;
		};
		DBD5CF912B8864BB007F6DD6 /* FirebaseAuth */ = {
			isa = XCSwiftPackageProductDependency;
			package = DBD5CF852B88648F007F6DD6 /* XCRemoteSwiftPackageReference "firebase-ios-sdk" */;
			productName = FirebaseAuth;
		};
		DBD5CF932B8864BB007F6DD6 /* FirebaseFirestore */ = {
			isa = XCSwiftPackageProductDependency;
			package = DBD5CF852B88648F007F6DD6 /* XCRemoteSwiftPackageReference "firebase-ios-sdk" */;
			productName = FirebaseFirestore;
		};
		DBD5CF952B8864CF007F6DD6 /* FirebaseCrashlytics */ = {
			isa = XCSwiftPackageProductDependency;
			package = DBD5CF852B88648F007F6DD6 /* XCRemoteSwiftPackageReference "firebase-ios-sdk" */;
			productName = FirebaseCrashlytics;
		};
		DBD5D02F2B92B4FA007F6DD6 /* GoogleSignIn */ = {
			isa = XCSwiftPackageProductDependency;
			package = DBD5D02E2B92B4FA007F6DD6 /* XCRemoteSwiftPackageReference "GoogleSignIn-iOS" */;
			productName = GoogleSignIn;
		};
		DBD5D0312B92B4FA007F6DD6 /* GoogleSignInSwift */ = {
			isa = XCSwiftPackageProductDependency;
			package = DBD5D02E2B92B4FA007F6DD6 /* XCRemoteSwiftPackageReference "GoogleSignIn-iOS" */;
			productName = GoogleSignInSwift;
		};
/* End XCSwiftPackageProductDependency section */
	};
	rootObject = DBD5CF6C2B88645C007F6DD6 /* Project object */;
}
